
Microsoft Visual Studio Solution File, Format Version 12.00
# Visual Studio Version 16
VisualStudioVersion = 16.0.31729.503
MinimumVisualStudioVersion = 10.0.40219.1
Project("{2150E333-8FDC-42A3-9474-1A3956D46DE8}") = "ServiceImpl", "ServiceImpl", "{4B149AE0-0E76-4D48-9FBE-384440C86B8F}"
EndProject
Project("{9A19103F-16F7-4668-BE54-9A1E7A4F7556}") = "Bingo.WebService", "Source\WebService\Bingo.WebService.csproj", "{7F905EDA-7ECB-4B2F-9D59-091F65892662}"
EndProject
Project("{2150E333-8FDC-42A3-9474-1A3956D46DE8}") = "Infrastructure", "Infrastructure", "{F297B0C0-70E3-4C67-9720-2B03AE17336B}"
EndProject
Project("{9A19103F-16F7-4668-BE54-9A1E7A4F7556}") = "Bingo.Infrastructure", "Source\Infrastructure\Bingo.Infrastructure\Bingo.Infrastructure.csproj", "{383B1ABD-1EB2-4F0D-81A4-020957FB5C01}"
EndProject
Project("{2150E333-8FDC-42A3-9474-1A3956D46DE8}") = "Adapters", "Adapters", "{C552064E-7D76-4D0B-A374-44E00146B2AC}"
EndProject
Project("{9A19103F-16F7-4668-BE54-9A1E7A4F7556}") = "Bingo.Adapters", "Source\Adapters\Bingo.Adapters\Bingo.Adapters.csproj", "{F079B072-60EC-40A5-A071-13A5A55DBB9A}"
EndProject
Project("{2150E333-8FDC-42A3-9474-1A3956D46DE8}") = "Data", "Data", "{9AC47B06-F211-4811-87C0-9707FEBD7DA5}"
EndProject
Project("{FAE04EC0-301F-11D3-BF4B-00C04F79EFBC}") = "Bingo.Data", "Source\Data\Bingo.Data\Bingo.Data.csproj", "{47E421DB-8E6C-4AE0-A051-8F7F74D48EE7}"
EndProject
Project("{2150E333-8FDC-42A3-9474-1A3956D46DE8}") = "Facades", "Facades", "{395DD20B-4C3A-4D73-A496-7C818DEE65C5}"
EndProject
Project("{FAE04EC0-301F-11D3-BF4B-00C04F79EFBC}") = "Bingo.Facades", "Source\Facades\Bingo.Facades\Bingo.Facades.csproj", "{15DD6B57-CC1A-4FB9-A550-A7D1ED28D3F2}"
EndProject
Project("{FAE04EC0-301F-11D3-BF4B-00C04F79EFBC}") = "Bingo.BusinessEntities", "Source\BusinessEntities\Bingo.BusinessEntities\Bingo.BusinessEntities.csproj", "{36438388-65B9-4E11-9231-5718978D75E9}"
EndProject
Global
	GlobalSection(SolutionConfigurationPlatforms) = preSolution
		Debug|Any CPU = Debug|Any CPU
		Release|Any CPU = Release|Any CPU
	EndGlobalSection
	GlobalSection(ProjectConfigurationPlatforms) = postSolution
		{7F905EDA-7ECB-4B2F-9D59-091F65892662}.Debug|Any CPU.ActiveCfg = Debug|Any CPU
		{7F905EDA-7ECB-4B2F-9D59-091F65892662}.Debug|Any CPU.Build.0 = Debug|Any CPU
		{7F905EDA-7ECB-4B2F-9D59-091F65892662}.Release|Any CPU.ActiveCfg = Release|Any CPU
		{7F905EDA-7ECB-4B2F-9D59-091F65892662}.Release|Any CPU.Build.0 = Release|Any CPU
		{383B1ABD-1EB2-4F0D-81A4-020957FB5C01}.Debug|Any CPU.ActiveCfg = Debug|Any CPU
		{383B1ABD-1EB2-4F0D-81A4-020957FB5C01}.Debug|Any CPU.Build.0 = Debug|Any CPU
		{383B1ABD-1EB2-4F0D-81A4-020957FB5C01}.Release|Any CPU.ActiveCfg = Release|Any CPU
		{383B1ABD-1EB2-4F0D-81A4-020957FB5C01}.Release|Any CPU.Build.0 = Release|Any CPU
		{F079B072-60EC-40A5-A071-13A5A55DBB9A}.Debug|Any CPU.ActiveCfg = Debug|Any CPU
		{F079B072-60EC-40A5-A071-13A5A55DBB9A}.Debug|Any CPU.Build.0 = Debug|Any CPU
		{F079B072-60EC-40A5-A071-13A5A55DBB9A}.Release|Any CPU.ActiveCfg = Release|Any CPU
		{F079B072-60EC-40A5-A071-13A5A55DBB9A}.Release|Any CPU.Build.0 = Release|Any CPU
		{47E421DB-8E6C-4AE0-A051-8F7F74D48EE7}.Debug|Any CPU.ActiveCfg = Debug|Any CPU
		{47E421DB-8E6C-4AE0-A051-8F7F74D48EE7}.Debug|Any CPU.Build.0 = Debug|Any CPU
		{47E421DB-8E6C-4AE0-A051-8F7F74D48EE7}.Release|Any CPU.ActiveCfg = Release|Any CPU
		{47E421DB-8E6C-4AE0-A051-8F7F74D48EE7}.Release|Any CPU.Build.0 = Release|Any CPU
		{15DD6B57-CC1A-4FB9-A550-A7D1ED28D3F2}.Debug|Any CPU.ActiveCfg = Debug|Any CPU
		{15DD6B57-CC1A-4FB9-A550-A7D1ED28D3F2}.Debug|Any CPU.Build.0 = Debug|Any CPU
		{15DD6B57-CC1A-4FB9-A550-A7D1ED28D3F2}.Release|Any CPU.ActiveCfg = Release|Any CPU
		{15DD6B57-CC1A-4FB9-A550-A7D1ED28D3F2}.Release|Any CPU.Build.0 = Release|Any CPU
		{36438388-65B9-4E11-9231-5718978D75E9}.Debug|Any CPU.ActiveCfg = Debug|Any CPU
		{36438388-65B9-4E11-9231-5718978D75E9}.Debug|Any CPU.Build.0 = Debug|Any CPU
		{36438388-65B9-4E11-9231-5718978D75E9}.Release|Any CPU.ActiveCfg = Release|Any CPU
		{36438388-65B9-4E11-9231-5718978D75E9}.Release|Any CPU.Build.0 = Release|Any CPU
	EndGlobalSection
	GlobalSection(SolutionProperties) = preSolution
		HideSolutionNode = FALSE
	EndGlobalSection
	GlobalSection(NestedProjects) = preSolution
		{7F905EDA-7ECB-4B2F-9D59-091F65892662} = {4B149AE0-0E76-4D48-9FBE-384440C86B8F}
		{383B1ABD-1EB2-4F0D-81A4-020957FB5C01} = {F297B0C0-70E3-4C67-9720-2B03AE17336B}
		{F079B072-60EC-40A5-A071-13A5A55DBB9A} = {C552064E-7D76-4D0B-A374-44E00146B2AC}
		{47E421DB-8E6C-4AE0-A051-8F7F74D48EE7} = {9AC47B06-F211-4811-87C0-9707FEBD7DA5}
		{15DD6B57-CC1A-4FB9-A550-A7D1ED28D3F2} = {395DD20B-4C3A-4D73-A496-7C818DEE65C5}
		{36438388-65B9-4E11-9231-5718978D75E9} = {C552064E-7D76-4D0B-A374-44E00146B2AC}
	EndGlobalSection
	GlobalSection(ExtensibilityGlobals) = postSolution
		SolutionGuid = {95A3D0AD-DA0E-4EDC-8507-63A9C4CAE31E}
	EndGlobalSection
EndGlobal
