
Microsoft Visual Studio Solution File, Format Version 12.00
# Visual Studio Version 16
VisualStudioVersion = 16.0.31729.503
MinimumVisualStudioVersion = 10.0.40219.1
Project("{2150E333-8FDC-42A3-9474-1A3956D46DE8}") = "ServiceImpl", "ServiceImpl", "{4B149AE0-0E76-4D48-9FBE-384440C86B8F}"
EndProject
Project("{9A19103F-16F7-4668-BE54-9A1E7A4F7556}") = "Bingo.WebService", "Source\WebService\Bingo.WebService.csproj", "{7F905EDA-7ECB-4B2F-9D59-091F65892662}"
EndProject
Global
	GlobalSection(SolutionConfigurationPlatforms) = preSolution
		Debug|Any CPU = Debug|Any CPU
		Release|Any CPU = Release|Any CPU
	EndGlobalSection
	GlobalSection(ProjectConfigurationPlatforms) = postSolution
		{7F905EDA-7ECB-4B2F-9D59-091F65892662}.Debug|Any CPU.ActiveCfg = Debug|Any CPU
		{7F905EDA-7ECB-4B2F-9D59-091F65892662}.Debug|Any CPU.Build.0 = Debug|Any CPU
		{7F905EDA-7ECB-4B2F-9D59-091F65892662}.Release|Any CPU.ActiveCfg = Release|Any CPU
		{7F905EDA-7ECB-4B2F-9D59-091F65892662}.Release|Any CPU.Build.0 = Release|Any CPU
	EndGlobalSection
	GlobalSection(SolutionProperties) = preSolution
		HideSolutionNode = FALSE
	EndGlobalSection
	GlobalSection(NestedProjects) = preSolution
		{7F905EDA-7ECB-4B2F-9D59-091F65892662} = {4B149AE0-0E76-4D48-9FBE-384440C86B8F}
	EndGlobalSection
	GlobalSection(ExtensibilityGlobals) = postSolution
		SolutionGuid = {95A3D0AD-DA0E-4EDC-8507-63A9C4CAE31E}
	EndGlobalSection
EndGlobal
